schema: '2.0'
stages:
  ingest:
    cmd: python -m src.ingest
    deps:
    - path: src/ingest.py
      hash: md5
      md5: badffed003aa74037928f75f6dd0c762
      size: 963
    outs:
    - path: artifacts/ingest_summary.json
      hash: md5
      md5: e53093d1acf4f128a678dea6699a0abc
      size: 159
    - path: data/raw/features.parquet
      hash: md5
      md5: ca468efec4f4e0dc28d5f66922a6f223
      size: 514579
    - path: data/raw/targets.parquet
      hash: md5
      md5: 43e008edc8559cdedd0fac348638dd12
      size: 11179
  validate:
    cmd: python -m src.validate
    deps:
    - path: data/raw/features.parquet
      hash: md5
      md5: ca468efec4f4e0dc28d5f66922a6f223
      size: 514579
    - path: data/raw/targets.parquet
      hash: md5
      md5: 43e008edc8559cdedd0fac348638dd12
      size: 11179
    - path: src/validate.py
      hash: md5
      md5: b22fc6d06152b4f50ca201fd343be7b5
      size: 2220
    outs:
    - path: artifacts/validation_report.json
      hash: md5
      md5: 0f8066e0235f87e5b260ba968af98226
      size: 815
  features:
    cmd: python -m src.features
    deps:
    - path: data/raw/features.parquet
      hash: md5
      md5: ca468efec4f4e0dc28d5f66922a6f223
      size: 514579
    - path: data/raw/targets.parquet
      hash: md5
      md5: 43e008edc8559cdedd0fac348638dd12
      size: 11179
    - path: src/features.py
      hash: md5
      md5: 6ed520ecbe73de22f7005a4fccff51a4
      size: 2774
    outs:
    - path: artifacts/preprocessor.joblib
      hash: md5
      md5: bda37daf8020b44a5300b329b33b1e6e
      size: 6620
    - path: data/processed/X_test.parquet
      hash: md5
      md5: 6e4ee8362158e3c02d5a9b43a94cac90
      size: 124309
    - path: data/processed/X_train.parquet
      hash: md5
      md5: 8329ebc73992ac1b96282dcd0d913c41
      size: 422326
    - path: data/processed/y_test.parquet
      hash: md5
      md5: 61f305f568f2e264bcd50454f2cd9d3c
      size: 2595
    - path: data/processed/y_train.parquet
      hash: md5
      md5: d9941f3886f95e20ef9ae6ee0ab82602
      size: 6871
  train:
    cmd: python -m src.train
    deps:
    - path: artifacts/preprocessor.joblib
      hash: md5
      md5: bda37daf8020b44a5300b329b33b1e6e
      size: 6620
    - path: data/processed/X_test.parquet
      hash: md5
      md5: 6e4ee8362158e3c02d5a9b43a94cac90
      size: 124309
    - path: data/processed/X_train.parquet
      hash: md5
      md5: 8329ebc73992ac1b96282dcd0d913c41
      size: 422326
    - path: data/processed/y_test.parquet
      hash: md5
      md5: 61f305f568f2e264bcd50454f2cd9d3c
      size: 2595
    - path: data/processed/y_train.parquet
      hash: md5
      md5: d9941f3886f95e20ef9ae6ee0ab82602
      size: 6871
    - path: src/train.py
      hash: md5
      md5: 293d38891146c0163809074a527fc98b
      size: 2103
    outs:
    - path: artifacts/metrics.json
      hash: md5
      md5: bd7b338e07c51d610932c2990bbbf6df
      size: 73
    - path: models/model.pkl
      hash: md5
      md5: c661c857350be5ac4c25699b5b3a0e92
      size: 1855
  evaluate:
    cmd: python -m src.evaluate
    deps:
    - path: artifacts/preprocessor.joblib
      hash: md5
      md5: bda37daf8020b44a5300b329b33b1e6e
      size: 6620
    - path: data/processed/X_test.parquet
      hash: md5
      md5: 6e4ee8362158e3c02d5a9b43a94cac90
      size: 124309
    - path: data/processed/y_test.parquet
      hash: md5
      md5: 61f305f568f2e264bcd50454f2cd9d3c
      size: 2595
    - path: models/model.pkl
      hash: md5
      md5: c661c857350be5ac4c25699b5b3a0e92
      size: 1855
    - path: src/evaluate.py
      hash: md5
      md5: 270fa67222db5550d2a9f958dd5a4b62
      size: 1426
    outs:
    - path: artifacts/confusion_matrix.png
      hash: md5
      md5: c0df44f94fe25750b4667e58c9419bb2
      size: 27299
    - path: artifacts/eval_metrics.json
      hash: md5
      md5: 81c6cb0e2c1157d18569f40e94eef716
      size: 83
